
Microsoft Visual Studio Solution File, Format Version 12.00
# Visual Studio Version 16
VisualStudioVersion = 16.0.33027.164
MinimumVisualStudioVersion = 10.0.40219.1
Project("{FAE04EC0-301F-11D3-BF4B-00C04F79EFBC}") = "eTickets", "eTickets\eTickets.csproj", "{32138C27-E851-443F-91C3-AD3421418F3D}"
EndProject
Global
	GlobalSection(SolutionConfigurationPlatforms) = preSolution
		Debug|Any CPU = Debug|Any CPU
		Release|Any CPU = Release|Any CPU
	EndGlobalSection
	GlobalSection(ProjectConfigurationPlatforms) = postSolution
		{32138C27-E851-443F-91C3-AD3421418F3D}.Debug|Any CPU.ActiveCfg = Debug|Any CPU
		{32138C27-E851-443F-91C3-AD3421418F3D}.Debug|Any CPU.Build.0 = Debug|Any CPU
		{32138C27-E851-443F-91C3-AD3421418F3D}.Release|Any CPU.ActiveCfg = Release|Any CPU
		{32138C27-E851-443F-91C3-AD3421418F3D}.Release|Any CPU.Build.0 = Release|Any CPU
	EndGlobalSection
	GlobalSection(SolutionProperties) = preSolution
		HideSolutionNode = FALSE
	EndGlobalSection
	GlobalSection(ExtensibilityGlobals) = postSolution
		SolutionGuid = {E4334ED7-1F27-4FA8-B62F-01A7A55DF7F1}
	EndGlobalSection
EndGlobal
